
Microsoft Visual Studio Solution File, Format Version 12.00
# Visual Studio Version 17
VisualStudioVersion = 17.10.35027.167
MinimumVisualStudioVersion = 10.0.40219.1
Project("{FAE04EC0-301F-11D3-BF4B-00C04F79EFBC}") = "PAMIImaps", "PAMIImaps\PAMIImaps.csproj", "{A9472BA2-7C4C-48A2-AB2B-49C587458905}"
EndProject
Global
	GlobalSection(SolutionConfigurationPlatforms) = preSolution
		Debug|Any CPU = Debug|Any CPU
		Release|Any CPU = Release|Any CPU
	EndGlobalSection
	GlobalSection(ProjectConfigurationPlatforms) = postSolution
		{A9472BA2-7C4C-48A2-AB2B-49C587458905}.Debug|Any CPU.ActiveCfg = Debug|Any CPU
		{A9472BA2-7C4C-48A2-AB2B-49C587458905}.Debug|Any CPU.Build.0 = Debug|Any CPU
		{A9472BA2-7C4C-48A2-AB2B-49C587458905}.Debug|Any CPU.Deploy.0 = Debug|Any CPU
		{A9472BA2-7C4C-48A2-AB2B-49C587458905}.Release|Any CPU.ActiveCfg = Release|Any CPU
		{A9472BA2-7C4C-48A2-AB2B-49C587458905}.Release|Any CPU.Build.0 = Release|Any CPU
		{A9472BA2-7C4C-48A2-AB2B-49C587458905}.Release|Any CPU.Deploy.0 = Release|Any CPU
	EndGlobalSection
	GlobalSection(SolutionProperties) = preSolution
		HideSolutionNode = FALSE
	EndGlobalSection
	GlobalSection(ExtensibilityGlobals) = postSolution
		SolutionGuid = {2CB6C9E7-4CE1-4C67-8A3F-1799D5CFD5A5}
	EndGlobalSection
EndGlobal
